
Microsoft Visual Studio Solution File, Format Version 12.00
# Visual Studio Version 16
VisualStudioVersion = 16.0.31205.134
MinimumVisualStudioVersion = 10.0.40219.1
Project("{8BC9CEB8-8B4A-11D0-8D11-00A0C91BC942}") = "OpenAPI", "OpenAPI\OpenAPI.vcxproj", "{659F4A27-C92C-4440-AF1B-98223D1DECBB}"
EndProject
Project("{8BC9CEB8-8B4A-11D0-8D11-00A0C91BC942}") = "Create_positive_def_Matix", "Create_positive_def_Matix\Create_positive_def_Matix.vcxproj", "{F94C235F-5D6C-48AF-AF35-EAC6A6001C93}"
EndProject
Project("{8BC9CEB8-8B4A-11D0-8D11-00A0C91BC942}") = "DPC++", "DPC++\DPC++.vcxproj", "{7A68FA61-AB14-475F-8A55-D96F57DD6856}"
EndProject
Project("{8BC9CEB8-8B4A-11D0-8D11-00A0C91BC942}") = "Example", "example\example.vcxproj", "{50C29E7E-7C4C-49B5-A6E2-657E2CA0E080}"
EndProject
Global
	GlobalSection(SolutionConfigurationPlatforms) = preSolution
		Debug|x64 = Debug|x64
		Debug|x86 = Debug|x86
		Release|x64 = Release|x64
		Release|x86 = Release|x86
	EndGlobalSection
	GlobalSection(ProjectConfigurationPlatforms) = postSolution
		{659F4A27-C92C-4440-AF1B-98223D1DECBB}.Debug|x64.ActiveCfg = Debug|x64
		{659F4A27-C92C-4440-AF1B-98223D1DECBB}.Debug|x64.Build.0 = Debug|x64
		{659F4A27-C92C-4440-AF1B-98223D1DECBB}.Debug|x86.ActiveCfg = Debug|Win32
		{659F4A27-C92C-4440-AF1B-98223D1DECBB}.Debug|x86.Build.0 = Debug|Win32
		{659F4A27-C92C-4440-AF1B-98223D1DECBB}.Release|x64.ActiveCfg = Release|x64
		{659F4A27-C92C-4440-AF1B-98223D1DECBB}.Release|x64.Build.0 = Release|x64
		{659F4A27-C92C-4440-AF1B-98223D1DECBB}.Release|x86.ActiveCfg = Release|Win32
		{659F4A27-C92C-4440-AF1B-98223D1DECBB}.Release|x86.Build.0 = Release|Win32
		{F94C235F-5D6C-48AF-AF35-EAC6A6001C93}.Debug|x64.ActiveCfg = Debug|x64
		{F94C235F-5D6C-48AF-AF35-EAC6A6001C93}.Debug|x64.Build.0 = Debug|x64
		{F94C235F-5D6C-48AF-AF35-EAC6A6001C93}.Debug|x86.ActiveCfg = Debug|Win32
		{F94C235F-5D6C-48AF-AF35-EAC6A6001C93}.Debug|x86.Build.0 = Debug|Win32
		{F94C235F-5D6C-48AF-AF35-EAC6A6001C93}.Release|x64.ActiveCfg = Release|x64
		{F94C235F-5D6C-48AF-AF35-EAC6A6001C93}.Release|x64.Build.0 = Release|x64
		{F94C235F-5D6C-48AF-AF35-EAC6A6001C93}.Release|x86.ActiveCfg = Release|Win32
		{F94C235F-5D6C-48AF-AF35-EAC6A6001C93}.Release|x86.Build.0 = Release|Win32
		{7A68FA61-AB14-475F-8A55-D96F57DD6856}.Debug|x64.ActiveCfg = Debug|x64
		{7A68FA61-AB14-475F-8A55-D96F57DD6856}.Debug|x64.Build.0 = Debug|x64
		{7A68FA61-AB14-475F-8A55-D96F57DD6856}.Debug|x86.ActiveCfg = Debug|Win32
		{7A68FA61-AB14-475F-8A55-D96F57DD6856}.Debug|x86.Build.0 = Debug|Win32
		{7A68FA61-AB14-475F-8A55-D96F57DD6856}.Release|x64.ActiveCfg = Release|x64
		{7A68FA61-AB14-475F-8A55-D96F57DD6856}.Release|x64.Build.0 = Release|x64
		{7A68FA61-AB14-475F-8A55-D96F57DD6856}.Release|x86.ActiveCfg = Release|Win32
		{7A68FA61-AB14-475F-8A55-D96F57DD6856}.Release|x86.Build.0 = Release|Win32
		{50C29E7E-7C4C-49B5-A6E2-657E2CA0E080}.Debug|x64.ActiveCfg = Debug|x64
		{50C29E7E-7C4C-49B5-A6E2-657E2CA0E080}.Debug|x64.Build.0 = Debug|x64
		{50C29E7E-7C4C-49B5-A6E2-657E2CA0E080}.Debug|x86.ActiveCfg = Debug|Win32
		{50C29E7E-7C4C-49B5-A6E2-657E2CA0E080}.Debug|x86.Build.0 = Debug|Win32
		{50C29E7E-7C4C-49B5-A6E2-657E2CA0E080}.Release|x64.ActiveCfg = Release|x64
		{50C29E7E-7C4C-49B5-A6E2-657E2CA0E080}.Release|x64.Build.0 = Release|x64
		{50C29E7E-7C4C-49B5-A6E2-657E2CA0E080}.Release|x86.ActiveCfg = Release|Win32
		{50C29E7E-7C4C-49B5-A6E2-657E2CA0E080}.Release|x86.Build.0 = Release|Win32
	EndGlobalSection
	GlobalSection(SolutionProperties) = preSolution
		HideSolutionNode = FALSE
	EndGlobalSection
	GlobalSection(ExtensibilityGlobals) = postSolution
		SolutionGuid = {DA098571-3EE4-4DE5-8AFA-D7226B6963CB}
	EndGlobalSection
EndGlobal
